
Microsoft Visual Studio Solution File, Format Version 12.00
Project("{FAE04EC0-301F-11D3-BF4B-00C04F79EFBC}") = "Xerris.DotNet.Core", "src\Xerris.DotNet.Core\Xerris.DotNet.Core.csproj", "{402C43E3-C9A1-4CD8-8AB0-4DFA2B54EBB7}"
EndProject
Project("{FAE04EC0-301F-11D3-BF4B-00C04F79EFBC}") = "Xerris.DotNet.Core.Test", "test\Xerris.DotNet.Core.Test\Xerris.DotNet.Core.Test.csproj", "{62471EAB-8F35-48EE-BC5C-B9EEC741043C}"
EndProject
Project("{FAE04EC0-301F-11D3-BF4B-00C04F79EFBC}") = "Xerris.DotNet.Core.TestSupport", "test\Xerris.DotNet.Core.TestSupport\Xerris.DotNet.Core.TestSupport.csproj", "{54A14EE9-5187-4E4D-9FE7-E1A3F394401D}"
EndProject
Project("{FAE04EC0-301F-11D3-BF4B-00C04F79EFBC}") = "Xerris.Sample.Api", "sample\Xerris.Sample.Api\Xerris.Sample.Api.csproj", "{072C1C14-A811-4943-B0CF-CDF4037DE565}"
EndProject
Project("{2150E333-8FDC-42A3-9474-1A3956D46DE8}") = "github", "github", "{186025C0-1403-4FDD-96CC-13B74FF5B1BC}"
EndProject
Project("{2150E333-8FDC-42A3-9474-1A3956D46DE8}") = "workflows", "workflows", "{7A77C852-E637-4145-B743-2C90BABF64C6}"
	ProjectSection(SolutionItems) = preProject
		.github\workflows\ci-build.yml = .github\workflows\ci-build.yml
		.github\workflows\build-and-publish.yml = .github\workflows\build-and-publish.yml
	EndProjectSection
EndProject
Global
	GlobalSection(SolutionConfigurationPlatforms) = preSolution
		Debug|Any CPU = Debug|Any CPU
		Release|Any CPU = Release|Any CPU
	EndGlobalSection
	GlobalSection(ProjectConfigurationPlatforms) = postSolution
		{402C43E3-C9A1-4CD8-8AB0-4DFA2B54EBB7}.Debug|Any CPU.ActiveCfg = Debug|Any CPU
		{402C43E3-C9A1-4CD8-8AB0-4DFA2B54EBB7}.Debug|Any CPU.Build.0 = Debug|Any CPU
		{402C43E3-C9A1-4CD8-8AB0-4DFA2B54EBB7}.Release|Any CPU.ActiveCfg = Release|Any CPU
		{402C43E3-C9A1-4CD8-8AB0-4DFA2B54EBB7}.Release|Any CPU.Build.0 = Release|Any CPU
		{62471EAB-8F35-48EE-BC5C-B9EEC741043C}.Debug|Any CPU.ActiveCfg = Debug|Any CPU
		{62471EAB-8F35-48EE-BC5C-B9EEC741043C}.Debug|Any CPU.Build.0 = Debug|Any CPU
		{62471EAB-8F35-48EE-BC5C-B9EEC741043C}.Release|Any CPU.ActiveCfg = Release|Any CPU
		{62471EAB-8F35-48EE-BC5C-B9EEC741043C}.Release|Any CPU.Build.0 = Release|Any CPU
		{54A14EE9-5187-4E4D-9FE7-E1A3F394401D}.Debug|Any CPU.ActiveCfg = Debug|Any CPU
		{54A14EE9-5187-4E4D-9FE7-E1A3F394401D}.Debug|Any CPU.Build.0 = Debug|Any CPU
		{54A14EE9-5187-4E4D-9FE7-E1A3F394401D}.Release|Any CPU.ActiveCfg = Release|Any CPU
		{54A14EE9-5187-4E4D-9FE7-E1A3F394401D}.Release|Any CPU.Build.0 = Release|Any CPU
		{072C1C14-A811-4943-B0CF-CDF4037DE565}.Debug|Any CPU.ActiveCfg = Debug|Any CPU
		{072C1C14-A811-4943-B0CF-CDF4037DE565}.Debug|Any CPU.Build.0 = Debug|Any CPU
		{072C1C14-A811-4943-B0CF-CDF4037DE565}.Release|Any CPU.ActiveCfg = Release|Any CPU
		{072C1C14-A811-4943-B0CF-CDF4037DE565}.Release|Any CPU.Build.0 = Release|Any CPU
	EndGlobalSection
	GlobalSection(NestedProjects) = preSolution
		{7A77C852-E637-4145-B743-2C90BABF64C6} = {186025C0-1403-4FDD-96CC-13B74FF5B1BC}
	EndGlobalSection
EndGlobal
